<?xml version="1.0" encoding="utf-8"?>
<Project ToolsVersion="4.0" xmlns="http://schemas.microsoft.com/developer/msbuild/2003">
  <ItemGroup>
    <Filter Include="Core">
      <UniqueIdentifier>{db72b46a-f30f-40c4-88ea-1e330246dd7d}</UniqueIdentifier>
    </Filter>
    <Filter Include="PreComplie">
      <UniqueIdentifier>{ea21dac4-d46f-40e2-aac4-e49522bab733}</UniqueIdentifier>
    </Filter>
    <Filter Include="TestLevel">
      <UniqueIdentifier>{f6d92700-15ec-4d18-8fcc-ad93605824a9}</UniqueIdentifier>
    </Filter>
    <Filter Include="TestLevel\Object">
      <UniqueIdentifier>{13a21790-db3d-4334-9437-37da387cf452}</UniqueIdentifier>
    </Filter>
    <Filter Include="Stage1Level">
      <UniqueIdentifier>{f77e2612-9404-4c62-af24-af6690cbca16}</UniqueIdentifier>
    </Filter>
    <Filter Include="Helper">
      <UniqueIdentifier>{7ac36892-ae70-4856-9b0b-ab099de39195}</UniqueIdentifier>
    </Filter>
    <Filter Include="Object">
      <UniqueIdentifier>{0f76dc36-a5a3-4455-85ba-dd766969afb8}</UniqueIdentifier>
    </Filter>
    <Filter Include="StageSelectLevel">
      <UniqueIdentifier>{395f495a-7038-4bfd-ab60-858276009d86}</UniqueIdentifier>
    </Filter>
    <Filter Include="Object\Obj-Level0">
      <UniqueIdentifier>{3cfb7d6f-ce37-47a4-954d-59c5473efd5e}</UniqueIdentifier>
    </Filter>
    <Filter Include="Object\Obj-Level1">
      <UniqueIdentifier>{cac896a0-052c-445c-beb5-7a9c7892a333}</UniqueIdentifier>
    </Filter>
    <Filter Include="Object\Obj-Level2">
      <UniqueIdentifier>{fe958735-d8a5-4e44-8121-68bf88c7a61a}</UniqueIdentifier>
    </Filter>
    <Filter Include="Object\Obj-Level3">
      <UniqueIdentifier>{54ae990f-5186-4401-85d0-8074b01c278c}</UniqueIdentifier>
    </Filter>
    <Filter Include="Actor">
      <UniqueIdentifier>{ed0d68bd-1e4f-42e6-9ebc-a625db5f86e4}</UniqueIdentifier>
    </Filter>
  </ItemGroup>
  <ItemGroup>
    <ClInclude Include="BABAISYOUCore.h">
      <Filter>Core</Filter>
    </ClInclude>
    <ClInclude Include="PreCompile.h">
      <Filter>PreComplie</Filter>
    </ClInclude>
    <ClInclude Include="PlayGameMode.h">
      <Filter>TestLevel</Filter>
    </ClInclude>
    <ClInclude Include="TestObject.h">
      <Filter>TestLevel\Object</Filter>
    </ClInclude>
    <ClInclude Include="Stage1GameMode.h">
      <Filter>Stage1Level</Filter>
    </ClInclude>
    <ClInclude Include="StageSelectGameMode.h">
      <Filter>StageSelectLevel</Filter>
    </ClInclude>
    <ClInclude Include="WallObject.h">
      <Filter>Object\Obj-Level3</Filter>
    </ClInclude>
    <ClInclude Include="StageSelecter.h">
      <Filter>Object\Obj-Level3</Filter>
    </ClInclude>
    <ClInclude Include="BabaObject.h">
      <Filter>Object\Obj-Level3</Filter>
    </ClInclude>
    <ClInclude Include="ContentsEnum.h">
      <Filter>Helper</Filter>
    </ClInclude>
    <ClInclude Include="LerpMoveObject.h">
      <Filter>Object\Obj-Level1</Filter>
    </ClInclude>
    <ClInclude Include="Object.h">
      <Filter>Object\Obj-Level0</Filter>
    </ClInclude>
    <ClInclude Include="PlayerObject.h">
      <Filter>Object\Obj-Level2</Filter>
    </ClInclude>
    <ClInclude Include="Background.h">
      <Filter>Actor</Filter>
    </ClInclude>
    <ClInclude Include="ContentsConstValue.h">
      <Filter>Helper</Filter>
    </ClInclude>
    <ClInclude Include="MapManager.h">
      <Filter>Helper</Filter>
    </ClInclude>
  </ItemGroup>
  <ItemGroup>
    <ClCompile Include="BABAISYOUCore.cpp">
      <Filter>Core</Filter>
    </ClCompile>
    <ClCompile Include="PreCompile.cpp">
      <Filter>PreComplie</Filter>
    </ClCompile>
    <ClCompile Include="PlayGameMode.cpp">
      <Filter>TestLevel</Filter>
    </ClCompile>
    <ClCompile Include="TestObject.cpp">
      <Filter>TestLevel\Object</Filter>
    </ClCompile>
    <ClCompile Include="Stage1GameMode.cpp">
      <Filter>Stage1Level</Filter>
    </ClCompile>
    <ClCompile Include="BabaObject.cpp">
      <Filter>Object\Obj-Level3</Filter>
    </ClCompile>
    <ClCompile Include="StageSelectGameMode.cpp">
      <Filter>StageSelectLevel</Filter>
    </ClCompile>
    <ClCompile Include="WallObject.cpp">
      <Filter>Object\Obj-Level3</Filter>
    </ClCompile>
    <ClCompile Include="StageSelecter.cpp">
      <Filter>Object\Obj-Level3</Filter>
    </ClCompile>
    <ClCompile Include="LerpMoveObject.cpp">
      <Filter>Object\Obj-Level1</Filter>
    </ClCompile>
    <ClCompile Include="Object.cpp">
      <Filter>Object\Obj-Level0</Filter>
    </ClCompile>
    <ClCompile Include="PlayerObject.cpp">
      <Filter>Object\Obj-Level2</Filter>
    </ClCompile>
    <ClCompile Include="Background.cpp">
      <Filter>Actor</Filter>
    </ClCompile>
    <ClCompile Include="ContentsConstValue.cpp">
      <Filter>Helper</Filter>
    </ClCompile>
    <ClCompile Include="MapManager.cpp">
      <Filter>Helper</Filter>
    </ClCompile>
  </ItemGroup>
</Project>