<?xml version="1.0" encoding="utf-8"?>
<Project ToolsVersion="4.0" xmlns="http://schemas.microsoft.com/developer/msbuild/2003">
  <ItemGroup>
    <Filter Include="Core">
      <UniqueIdentifier>{db72b46a-f30f-40c4-88ea-1e330246dd7d}</UniqueIdentifier>
    </Filter>
    <Filter Include="PreComplie">
      <UniqueIdentifier>{ea21dac4-d46f-40e2-aac4-e49522bab733}</UniqueIdentifier>
    </Filter>
    <Filter Include="Helper">
      <UniqueIdentifier>{7ac36892-ae70-4856-9b0b-ab099de39195}</UniqueIdentifier>
    </Filter>
    <Filter Include="Object">
      <UniqueIdentifier>{0f76dc36-a5a3-4455-85ba-dd766969afb8}</UniqueIdentifier>
    </Filter>
    <Filter Include="Object\Obj-Level0">
      <UniqueIdentifier>{3cfb7d6f-ce37-47a4-954d-59c5473efd5e}</UniqueIdentifier>
    </Filter>
    <Filter Include="Object\Obj-Level1">
      <UniqueIdentifier>{cac896a0-052c-445c-beb5-7a9c7892a333}</UniqueIdentifier>
    </Filter>
    <Filter Include="Object\Obj-Level2">
      <UniqueIdentifier>{fe958735-d8a5-4e44-8121-68bf88c7a61a}</UniqueIdentifier>
    </Filter>
    <Filter Include="Object\Obj-Level3">
      <UniqueIdentifier>{54ae990f-5186-4401-85d0-8074b01c278c}</UniqueIdentifier>
    </Filter>
    <Filter Include="Actor">
      <UniqueIdentifier>{ed0d68bd-1e4f-42e6-9ebc-a625db5f86e4}</UniqueIdentifier>
    </Filter>
    <Filter Include="GameMode">
      <UniqueIdentifier>{c37350ce-309f-4a01-b091-402f1673d84d}</UniqueIdentifier>
    </Filter>
    <Filter Include="GameMode\Stage1Level">
      <UniqueIdentifier>{f77e2612-9404-4c62-af24-af6690cbca16}</UniqueIdentifier>
    </Filter>
    <Filter Include="GameMode\StageSelectLevel">
      <UniqueIdentifier>{395f495a-7038-4bfd-ab60-858276009d86}</UniqueIdentifier>
    </Filter>
    <Filter Include="GameMode\TestLevel">
      <UniqueIdentifier>{f6d92700-15ec-4d18-8fcc-ad93605824a9}</UniqueIdentifier>
    </Filter>
    <Filter Include="GameMode\TestLevel\Object">
      <UniqueIdentifier>{13a21790-db3d-4334-9437-37da387cf452}</UniqueIdentifier>
    </Filter>
    <Filter Include="Object\Obj-Level3\PlayerObject">
      <UniqueIdentifier>{6e643e94-19ad-4c0f-a3cc-87d3c747805b}</UniqueIdentifier>
    </Filter>
    <Filter Include="Object\Obj-Level3\ObjectiveText">
      <UniqueIdentifier>{e67ae4e7-3b71-4775-a174-ebcfe22130a4}</UniqueIdentifier>
    </Filter>
    <Filter Include="Object\Obj-Level3\SubjectText">
      <UniqueIdentifier>{eb3eac2d-9659-445f-833d-34d4dd993161}</UniqueIdentifier>
    </Filter>
    <Filter Include="Object\Obj-Level3\VerbText">
      <UniqueIdentifier>{f0be1226-84af-4afa-81dd-1b0ddf534537}</UniqueIdentifier>
    </Filter>
    <Filter Include="GUI">
      <UniqueIdentifier>{e8f83a64-3989-4219-af05-f65656e603c9}</UniqueIdentifier>
    </Filter>
    <Filter Include="GameMode\CreateMapLevel">
      <UniqueIdentifier>{53e9ab36-67b6-4186-b43a-0e4071982fb9}</UniqueIdentifier>
    </Filter>
  </ItemGroup>
  <ItemGroup>
    <ClInclude Include="BABAISYOUCore.h">
      <Filter>Core</Filter>
    </ClInclude>
    <ClInclude Include="PreCompile.h">
      <Filter>PreComplie</Filter>
    </ClInclude>
    <ClInclude Include="PlayGameMode.h">
      <Filter>GameMode\TestLevel</Filter>
    </ClInclude>
    <ClInclude Include="TestObject.h">
      <Filter>GameMode\TestLevel\Object</Filter>
    </ClInclude>
    <ClInclude Include="Stage1GameMode.h">
      <Filter>GameMode\Stage1Level</Filter>
    </ClInclude>
    <ClInclude Include="StageSelectGameMode.h">
      <Filter>GameMode\StageSelectLevel</Filter>
    </ClInclude>
    <ClInclude Include="ContentsEnum.h">
      <Filter>Helper</Filter>
    </ClInclude>
    <ClInclude Include="LerpMoveObject.h">
      <Filter>Object\Obj-Level1</Filter>
    </ClInclude>
    <ClInclude Include="Object.h">
      <Filter>Object\Obj-Level0</Filter>
    </ClInclude>
    <ClInclude Include="PlayerObject.h">
      <Filter>Object\Obj-Level2</Filter>
    </ClInclude>
    <ClInclude Include="Background.h">
      <Filter>Actor</Filter>
    </ClInclude>
    <ClInclude Include="ContentsConstValue.h">
      <Filter>Helper</Filter>
    </ClInclude>
    <ClInclude Include="MapManager.h">
      <Filter>Helper</Filter>
    </ClInclude>
    <ClInclude Include="BABAGameMode.h">
      <Filter>GameMode</Filter>
    </ClInclude>
    <ClInclude Include="WallObject.h">
      <Filter>Object\Obj-Level3\PlayerObject</Filter>
    </ClInclude>
    <ClInclude Include="BabaObject.h">
      <Filter>Object\Obj-Level3\PlayerObject</Filter>
    </ClInclude>
    <ClInclude Include="StageSelector.h">
      <Filter>Object\Obj-Level3\PlayerObject</Filter>
    </ClInclude>
    <ClInclude Include="TextObject.h">
      <Filter>Object\Obj-Level2</Filter>
    </ClInclude>
    <ClInclude Include="IsText.h">
      <Filter>Object\Obj-Level3\VerbText</Filter>
    </ClInclude>
    <ClInclude Include="BabaText.h">
      <Filter>Object\Obj-Level3\SubjectText</Filter>
    </ClInclude>
    <ClInclude Include="YouText.h">
      <Filter>Object\Obj-Level3\ObjectiveText</Filter>
    </ClInclude>
    <ClInclude Include="WallText.h">
      <Filter>Object\Obj-Level3\SubjectText</Filter>
    </ClInclude>
    <ClInclude Include="StopText.h">
      <Filter>Object\Obj-Level3\ObjectiveText</Filter>
    </ClInclude>
    <ClInclude Include="FlagText.h">
      <Filter>Object\Obj-Level3\SubjectText</Filter>
    </ClInclude>
    <ClInclude Include="FlagObject.h">
      <Filter>Object\Obj-Level3\PlayerObject</Filter>
    </ClInclude>
    <ClInclude Include="WinText.h">
      <Filter>Object\Obj-Level3\ObjectiveText</Filter>
    </ClInclude>
    <ClInclude Include="MapEditorGUI.h">
      <Filter>GUI</Filter>
    </ClInclude>
    <ClInclude Include="ContentsGUI.h">
      <Filter>GUI</Filter>
    </ClInclude>
    <ClInclude Include="CreateMapGameMode.h">
      <Filter>GameMode\CreateMapLevel</Filter>
    </ClInclude>
    <ClInclude Include="DefeatText.h">
      <Filter>Object\Obj-Level3\ObjectiveText</Filter>
    </ClInclude>
    <ClInclude Include="PushText.h">
      <Filter>Object\Obj-Level3\ObjectiveText</Filter>
    </ClInclude>
    <ClInclude Include="WaterText.h">
      <Filter>Object\Obj-Level3\SubjectText</Filter>
    </ClInclude>
    <ClInclude Include="WaterObject.h">
      <Filter>Object\Obj-Level3\PlayerObject</Filter>
    </ClInclude>
    <ClInclude Include="SinkText.h">
      <Filter>Object\Obj-Level3\ObjectiveText</Filter>
    </ClInclude>
    <ClInclude Include="RockText.h">
      <Filter>Object\Obj-Level3\SubjectText</Filter>
    </ClInclude>
    <ClInclude Include="RockObject.h">
      <Filter>Object\Obj-Level3\PlayerObject</Filter>
    </ClInclude>
    <ClInclude Include="SkullText.h">
      <Filter>Object\Obj-Level3\SubjectText</Filter>
    </ClInclude>
    <ClInclude Include="SkullObject.h">
      <Filter>Object\Obj-Level3\PlayerObject</Filter>
    </ClInclude>
  </ItemGroup>
  <ItemGroup>
    <ClCompile Include="BABAISYOUCore.cpp">
      <Filter>Core</Filter>
    </ClCompile>
    <ClCompile Include="PreCompile.cpp">
      <Filter>PreComplie</Filter>
    </ClCompile>
    <ClCompile Include="PlayGameMode.cpp">
      <Filter>GameMode\TestLevel</Filter>
    </ClCompile>
    <ClCompile Include="TestObject.cpp">
      <Filter>GameMode\TestLevel\Object</Filter>
    </ClCompile>
    <ClCompile Include="Stage1GameMode.cpp">
      <Filter>GameMode\Stage1Level</Filter>
    </ClCompile>
    <ClCompile Include="StageSelectGameMode.cpp">
      <Filter>GameMode\StageSelectLevel</Filter>
    </ClCompile>
    <ClCompile Include="LerpMoveObject.cpp">
      <Filter>Object\Obj-Level1</Filter>
    </ClCompile>
    <ClCompile Include="Object.cpp">
      <Filter>Object\Obj-Level0</Filter>
    </ClCompile>
    <ClCompile Include="PlayerObject.cpp">
      <Filter>Object\Obj-Level2</Filter>
    </ClCompile>
    <ClCompile Include="Background.cpp">
      <Filter>Actor</Filter>
    </ClCompile>
    <ClCompile Include="ContentsConstValue.cpp">
      <Filter>Helper</Filter>
    </ClCompile>
    <ClCompile Include="MapManager.cpp">
      <Filter>Helper</Filter>
    </ClCompile>
    <ClCompile Include="BABAGameMode.cpp">
      <Filter>GameMode</Filter>
    </ClCompile>
    <ClCompile Include="BabaObject.cpp">
      <Filter>Object\Obj-Level3\PlayerObject</Filter>
    </ClCompile>
    <ClCompile Include="StageSelector.cpp">
      <Filter>Object\Obj-Level3\PlayerObject</Filter>
    </ClCompile>
    <ClCompile Include="WallObject.cpp">
      <Filter>Object\Obj-Level3\PlayerObject</Filter>
    </ClCompile>
    <ClCompile Include="TextObject.cpp">
      <Filter>Object\Obj-Level2</Filter>
    </ClCompile>
    <ClCompile Include="IsText.cpp">
      <Filter>Object\Obj-Level3\VerbText</Filter>
    </ClCompile>
    <ClCompile Include="BabaText.cpp">
      <Filter>Object\Obj-Level3\SubjectText</Filter>
    </ClCompile>
    <ClCompile Include="YouText.cpp">
      <Filter>Object\Obj-Level3\ObjectiveText</Filter>
    </ClCompile>
    <ClCompile Include="WallText.cpp">
      <Filter>Object\Obj-Level3\SubjectText</Filter>
    </ClCompile>
    <ClCompile Include="StopText.cpp">
      <Filter>Object\Obj-Level3\ObjectiveText</Filter>
    </ClCompile>
    <ClCompile Include="FlagText.cpp">
      <Filter>Object\Obj-Level3\SubjectText</Filter>
    </ClCompile>
    <ClCompile Include="FlagObject.cpp">
      <Filter>Object\Obj-Level3\PlayerObject</Filter>
    </ClCompile>
    <ClCompile Include="WinText.cpp">
      <Filter>Object\Obj-Level3\ObjectiveText</Filter>
    </ClCompile>
    <ClCompile Include="MapEditorGUI.cpp">
      <Filter>GUI</Filter>
    </ClCompile>
    <ClCompile Include="ContentsGUI.cpp">
      <Filter>GUI</Filter>
    </ClCompile>
    <ClCompile Include="CreateMapGameMode.cpp">
      <Filter>GameMode\CreateMapLevel</Filter>
    </ClCompile>
    <ClCompile Include="DefeatText.cpp">
      <Filter>Object\Obj-Level3\ObjectiveText</Filter>
    </ClCompile>
    <ClCompile Include="PushText.cpp">
      <Filter>Object\Obj-Level3\ObjectiveText</Filter>
    </ClCompile>
    <ClCompile Include="WaterText.cpp">
      <Filter>Object\Obj-Level3\SubjectText</Filter>
    </ClCompile>
    <ClCompile Include="WaterObject.cpp">
      <Filter>Object\Obj-Level3\PlayerObject</Filter>
    </ClCompile>
    <ClCompile Include="SinkText.cpp">
      <Filter>Object\Obj-Level3\ObjectiveText</Filter>
    </ClCompile>
    <ClCompile Include="RockText.cpp">
      <Filter>Object\Obj-Level3\SubjectText</Filter>
    </ClCompile>
    <ClCompile Include="RockObject.cpp">
      <Filter>Object\Obj-Level3\PlayerObject</Filter>
    </ClCompile>
    <ClCompile Include="SkullText.cpp">
      <Filter>Object\Obj-Level3\SubjectText</Filter>
    </ClCompile>
    <ClCompile Include="SkullObject.cpp">
      <Filter>Object\Obj-Level3\PlayerObject</Filter>
    </ClCompile>
  </ItemGroup>
</Project>