<?xml version="1.0" encoding="utf-8"?>
<Project ToolsVersion="4.0" xmlns="http://schemas.microsoft.com/developer/msbuild/2003">
  <ItemGroup>
    <Filter Include="Core">
      <UniqueIdentifier>{db72b46a-f30f-40c4-88ea-1e330246dd7d}</UniqueIdentifier>
    </Filter>
    <Filter Include="PreComplie">
      <UniqueIdentifier>{ea21dac4-d46f-40e2-aac4-e49522bab733}</UniqueIdentifier>
    </Filter>
    <Filter Include="Level">
      <UniqueIdentifier>{f6d92700-15ec-4d18-8fcc-ad93605824a9}</UniqueIdentifier>
    </Filter>
    <Filter Include="Level\Object">
      <UniqueIdentifier>{13a21790-db3d-4334-9437-37da387cf452}</UniqueIdentifier>
    </Filter>
  </ItemGroup>
  <ItemGroup>
    <ClInclude Include="BABAISYOUCore.h">
      <Filter>Core</Filter>
    </ClInclude>
    <ClInclude Include="PreCompile.h">
      <Filter>PreComplie</Filter>
    </ClInclude>
    <ClInclude Include="PlayGameMode.h">
      <Filter>Level</Filter>
    </ClInclude>
    <ClInclude Include="TestObject.h">
      <Filter>Level\Object</Filter>
    </ClInclude>
  </ItemGroup>
  <ItemGroup>
    <ClCompile Include="BABAISYOUCore.cpp">
      <Filter>Core</Filter>
    </ClCompile>
    <ClCompile Include="PreCompile.cpp">
      <Filter>PreComplie</Filter>
    </ClCompile>
    <ClCompile Include="PlayGameMode.cpp">
      <Filter>Level</Filter>
    </ClCompile>
    <ClCompile Include="TestObject.cpp">
      <Filter>Level\Object</Filter>
    </ClCompile>
  </ItemGroup>
</Project>